
Microsoft Visual Studio Solution File, Format Version 12.00
# Visual Studio Version 17
VisualStudioVersion = 17.0.32014.148
MinimumVisualStudioVersion = 10.0.40219.1
Project("{FAE04EC0-301F-11D3-BF4B-00C04F79EFBC}") = "thx_wincursor_info", "thx_wincursor_info.csproj", "{4D8BD49A-F97A-47B3-BE92-1144C8DF7FD8}"
EndProject
Global
	GlobalSection(SolutionConfigurationPlatforms) = preSolution
		Debug|Any CPU = Debug|Any CPU
		Release|Any CPU = Release|Any CPU
	EndGlobalSection
	GlobalSection(ProjectConfigurationPlatforms) = postSolution
		{4D8BD49A-F97A-47B3-BE92-1144C8DF7FD8}.Debug|Any CPU.ActiveCfg = Debug|Any CPU
		{4D8BD49A-F97A-47B3-BE92-1144C8DF7FD8}.Debug|Any CPU.Build.0 = Debug|Any CPU
		{4D8BD49A-F97A-47B3-BE92-1144C8DF7FD8}.Release|Any CPU.ActiveCfg = Release|Any CPU
		{4D8BD49A-F97A-47B3-BE92-1144C8DF7FD8}.Release|Any CPU.Build.0 = Release|Any CPU
	EndGlobalSection
	GlobalSection(SolutionProperties) = preSolution
		HideSolutionNode = FALSE
	EndGlobalSection
	GlobalSection(ExtensibilityGlobals) = postSolution
		SolutionGuid = {68428536-3F58-4231-B6C7-9B5216412D2D}
	EndGlobalSection
EndGlobal
